Microsoft Visual Studio Solution File, Format Version 12.00
# Visual Studio Version 17
VisualStudioVersion = 17.5.2.0
MinimumVisualStudioVersion = 10.0.40219.1
Project("{2150E333-8FDC-42A3-9474-1A3956D46DE8}") = "dotnet", "dotnet", "{71E6E750-85FD-B5BC-4321-E01377EC6231}"
EndProject
Project("{FAE04EC0-301F-11D3-BF4B-00C04F79EFBC}") = "client", "dotnet\client\client.csproj", "{0CE0BD83-FECB-BE37-E67E-A25CDCDF7198}"
EndProject
Project("{FAE04EC0-301F-11D3-BF4B-00C04F79EFBC}") = "server", "dotnet\server\server.csproj", "{A4BCBEAC-C4D1-2765-EAB3-5FA97259F39E}"
EndProject
Global
	GlobalSection(SolutionConfigurationPlatforms) = preSolution
		Debug|Any CPU = Debug|Any CPU
		Release|Any CPU = Release|Any CPU
	EndGlobalSection
	GlobalSection(ProjectConfigurationPlatforms) = postSolution
		{0CE0BD83-FECB-BE37-E67E-A25CDCDF7198}.Debug|Any CPU.ActiveCfg = Debug|Any CPU
		{0CE0BD83-FECB-BE37-E67E-A25CDCDF7198}.Debug|Any CPU.Build.0 = Debug|Any CPU
		{0CE0BD83-FECB-BE37-E67E-A25CDCDF7198}.Release|Any CPU.ActiveCfg = Release|Any CPU
		{0CE0BD83-FECB-BE37-E67E-A25CDCDF7198}.Release|Any CPU.Build.0 = Release|Any CPU
		{A4BCBEAC-C4D1-2765-EAB3-5FA97259F39E}.Debug|Any CPU.ActiveCfg = Debug|Any CPU
		{A4BCBEAC-C4D1-2765-EAB3-5FA97259F39E}.Debug|Any CPU.Build.0 = Debug|Any CPU
		{A4BCBEAC-C4D1-2765-EAB3-5FA97259F39E}.Release|Any CPU.ActiveCfg = Release|Any CPU
		{A4BCBEAC-C4D1-2765-EAB3-5FA97259F39E}.Release|Any CPU.Build.0 = Release|Any CPU
	EndGlobalSection
	GlobalSection(SolutionProperties) = preSolution
		HideSolutionNode = FALSE
	EndGlobalSection
	GlobalSection(NestedProjects) = preSolution
		{0CE0BD83-FECB-BE37-E67E-A25CDCDF7198} = {71E6E750-85FD-B5BC-4321-E01377EC6231}
		{A4BCBEAC-C4D1-2765-EAB3-5FA97259F39E} = {71E6E750-85FD-B5BC-4321-E01377EC6231}
	EndGlobalSection
	GlobalSection(ExtensibilityGlobals) = postSolution
		SolutionGuid = {DE4D2C8B-32CC-4E5A-BBE5-15893FFA75A3}
	EndGlobalSection
EndGlobal
